
Microsoft Visual Studio Solution File, Format Version 12.00
# Visual Studio Version 17
VisualStudioVersion = 17.5.33530.505
MinimumVisualStudioVersion = 10.0.40219.1
Project("{FAE04EC0-301F-11D3-BF4B-00C04F79EFBC}") = "AStarCSharp", "AStarCSharp\AStarCSharp.csproj", "{062C4D99-3C67-4131-9E30-093FAD2FF618}"
EndProject
Global
	GlobalSection(SolutionConfigurationPlatforms) = preSolution
		Debug|Any CPU = Debug|Any CPU
		Release|Any CPU = Release|Any CPU
	EndGlobalSection
	GlobalSection(ProjectConfigurationPlatforms) = postSolution
		{062C4D99-3C67-4131-9E30-093FAD2FF618}.Debug|Any CPU.ActiveCfg = Debug|Any CPU
		{062C4D99-3C67-4131-9E30-093FAD2FF618}.Debug|Any CPU.Build.0 = Debug|Any CPU
		{062C4D99-3C67-4131-9E30-093FAD2FF618}.Release|Any CPU.ActiveCfg = Release|Any CPU
		{062C4D99-3C67-4131-9E30-093FAD2FF618}.Release|Any CPU.Build.0 = Release|Any CPU
	EndGlobalSection
	GlobalSection(SolutionProperties) = preSolution
		HideSolutionNode = FALSE
	EndGlobalSection
	GlobalSection(ExtensibilityGlobals) = postSolution
		SolutionGuid = {7556554E-C30A-4F88-AAB8-FA953F340712}
	EndGlobalSection
EndGlobal
